
Microsoft Visual Studio Solution File, Format Version 12.00
# Visual Studio Version 17
VisualStudioVersion = 17.8.34316.72
MinimumVisualStudioVersion = 10.0.40219.1
Project("{FAE04EC0-301F-11D3-BF4B-00C04F79EFBC}") = "WebApplication4", "WebApplication4.csproj", "{67851C24-3123-45DC-8117-10A52028E773}"
EndProject
Global
	GlobalSection(SolutionConfigurationPlatforms) = preSolution
		Debug|Any CPU = Debug|Any CPU
		Release|Any CPU = Release|Any CPU
	EndGlobalSection
	GlobalSection(ProjectConfigurationPlatforms) = postSolution
		{67851C24-3123-45DC-8117-10A52028E773}.Debug|Any CPU.ActiveCfg = Debug|Any CPU
		{67851C24-3123-45DC-8117-10A52028E773}.Debug|Any CPU.Build.0 = Debug|Any CPU
		{67851C24-3123-45DC-8117-10A52028E773}.Release|Any CPU.ActiveCfg = Release|Any CPU
		{67851C24-3123-45DC-8117-10A52028E773}.Release|Any CPU.Build.0 = Release|Any CPU
	EndGlobalSection
	GlobalSection(SolutionProperties) = preSolution
		HideSolutionNode = FALSE
	EndGlobalSection
	GlobalSection(ExtensibilityGlobals) = postSolution
		SolutionGuid = {CD80E5C4-6878-4A5D-8F68-53C86D574243}
	EndGlobalSection
EndGlobal
